hash: bd3f6809e43d008fb5cf6bbb639b18ac47c6dcea73e276ef447e97c09365b9e8
updated: 2016-10-02T02:16:25.011253948+09:00
imports:
- name: github.com/mattn/go-runewidth
  version: d6bea18f789704b5f83375793155289da36a3c7f
- name: github.com/olekukonko/tablewriter
  version: bdcc175572fd7abece6c831e643891b9331bc9e7
testImports: []
